
Microsoft Visual Studio Solution File, Format Version 12.00
# Visual Studio Version 17
VisualStudioVersion = 17.0.31903.59
MinimumVisualStudioVersion = 10.0.40219.1
Project("{2150E333-8FDC-42A3-9474-1A3956D46DE8}") = "services", "services", "{89C99B23-6F42-4331-9DB9-BC351DA6D27F}"
EndProject
Project("{2150E333-8FDC-42A3-9474-1A3956D46DE8}") = "building blocks", "building blocks", "{3C204F0B-E1C8-455A-8972-26215B0E0BF4}"
EndProject
Project("{2150E333-8FDC-42A3-9474-1A3956D46DE8}") = "CDN Stock Exchange", "CDN Stock Exchange", "{8A11E404-2FFC-4BA9-877E-D27401AC9C96}"
EndProject
Project("{2150E333-8FDC-42A3-9474-1A3956D46DE8}") = "Financial", "Financial", "{4607DB45-395F-4F34-BBCC-D337972D35A5}"
EndProject
Project("{2150E333-8FDC-42A3-9474-1A3956D46DE8}") = "Identity", "Identity", "{9062093F-735E-48E6-AE78-5B7E7234677D}"
EndProject
Project("{2150E333-8FDC-42A3-9474-1A3956D46DE8}") = "Reports", "Reports", "{C2BE8320-B966-4F36-BFCB-02DD1B692322}"
EndProject
Project("{2150E333-8FDC-42A3-9474-1A3956D46DE8}") = "Users", "Users", "{0B5F0D36-5A6C-4559-A553-13F76BCDD040}"
EndProject
Project("{2150E333-8FDC-42A3-9474-1A3956D46DE8}") = "src", "src", "{CDF1D7D9-B500-4053-9634-E806A14D17A3}"
EndProject
Project("{2150E333-8FDC-42A3-9474-1A3956D46DE8}") = "tests", "tests", "{7802EAED-841E-4943-B2CD-0CCDCEC6E2C7}"
EndProject
Project("{2150E333-8FDC-42A3-9474-1A3956D46DE8}") = "tests", "tests", "{60144468-105B-40BF-9987-964A9FCE20DF}"
EndProject
Project("{2150E333-8FDC-42A3-9474-1A3956D46DE8}") = "tests", "tests", "{D0129D80-4DED-4386-89C9-F6870055EDA6}"
EndProject
Project("{2150E333-8FDC-42A3-9474-1A3956D46DE8}") = "tests", "tests", "{114565F7-0B5B-4C42-90A9-4B527F5E0B1B}"
EndProject
Project("{2150E333-8FDC-42A3-9474-1A3956D46DE8}") = "tests", "tests", "{D11A54D9-714A-4437-8612-573BC57BE731}"
EndProject
Project("{2150E333-8FDC-42A3-9474-1A3956D46DE8}") = "src", "src", "{188B80EE-C622-4E3D-AD21-E9366CD9C017}"
EndProject
Project("{2150E333-8FDC-42A3-9474-1A3956D46DE8}") = "src", "src", "{DCB7C7D8-9700-4E12-A42E-A5313312FED0}"
EndProject
Project("{2150E333-8FDC-42A3-9474-1A3956D46DE8}") = "src", "src", "{9F4F42CF-DE0A-4D58-8C50-8AC73482454C}"
EndProject
Project("{2150E333-8FDC-42A3-9474-1A3956D46DE8}") = "src", "src", "{00BA6FC3-1E89-408A-869F-FAD490D3688B}"
EndProject
Project("{2150E333-8FDC-42A3-9474-1A3956D46DE8}") = "core", "core", "{23187CEC-BD72-46D9-BF1C-BB6214752122}"
EndProject
Project("{2150E333-8FDC-42A3-9474-1A3956D46DE8}") = "messabe bus", "messabe bus", "{F97A74AA-7BC7-4807-B243-111AC655DC24}"
EndProject
Project("{FAE04EC0-301F-11D3-BF4B-00C04F79EFBC}") = "UP.Users.Tests", "services\Users\tests\UP.Users.Tests\UP.Users.Tests.csproj", "{EF75CD3D-B6D1-4B3A-A396-77876E447E45}"
EndProject
Project("{FAE04EC0-301F-11D3-BF4B-00C04F79EFBC}") = "UP.Financial.Tests", "services\Financial\tests\UP.Financial.Tests\UP.Financial.Tests.csproj", "{F99D4366-FF03-4A76-8F6F-1EFBEBAF9281}"
EndProject
Project("{FAE04EC0-301F-11D3-BF4B-00C04F79EFBC}") = "UP.Reports.Tests", "services\Reports\tests\UP.Reports.Tests\UP.Reports.Tests.csproj", "{661AB6F4-252E-4D0B-B9F2-3A24C6363934}"
EndProject
Project("{FAE04EC0-301F-11D3-BF4B-00C04F79EFBC}") = "UP.Financial.API", "services\Financial\src\UP.Financial\UP.Financial.API.csproj", "{63218F22-783F-40D8-BCDE-1B0FBC8F73E3}"
EndProject
Project("{FAE04EC0-301F-11D3-BF4B-00C04F79EFBC}") = "UP.Reports.API", "services\Reports\src\UP.Reports\UP.Reports.API.csproj", "{8BC1B73D-2A4A-43F8-BB72-FB7834FB5F15}"
EndProject
Project("{FAE04EC0-301F-11D3-BF4B-00C04F79EFBC}") = "UP.Users.API", "services\Users\src\UP.Users\UP.Users.API.csproj", "{6ED3847F-9A48-486A-97F1-34FD56A0531B}"
EndProject
Project("{FAE04EC0-301F-11D3-BF4B-00C04F79EFBC}") = "UP.CDN.StockExchange.Tests", "services\CDN Stock Exchange\tests\UP.CDN.StockExchange.Tests\UP.CDN.StockExchange.Tests.csproj", "{34269517-302D-4A55-929D-9A0C6993BBFC}"
EndProject
Project("{FAE04EC0-301F-11D3-BF4B-00C04F79EFBC}") = "UP.MessageBus", "building blocks\UP.MessageBus\UP.MessageBus.csproj", "{346D3F0D-2244-409E-8830-AE8C52C89A3E}"
EndProject
Project("{FAE04EC0-301F-11D3-BF4B-00C04F79EFBC}") = "UP.Core.Domain", "building blocks\UP.Core.Domain\UP.Core.Domain.csproj", "{FA49D209-B100-4BB8-97CB-8149F474F66C}"
EndProject
Project("{FAE04EC0-301F-11D3-BF4B-00C04F79EFBC}") = "UP.CDN.StockExchange.API", "services\CDN Stock Exchange\src\UP.CDN.StockExchange.API\UP.CDN.StockExchange.API.csproj", "{9430B8EE-3BB8-4481-8196-6A227C81BDB9}"
EndProject
Global
	GlobalSection(SolutionConfigurationPlatforms) = preSolution
		Debug|Any CPU = Debug|Any CPU
		Release|Any CPU = Release|Any CPU
	EndGlobalSection
	GlobalSection(ProjectConfigurationPlatforms) = postSolution
		{EF75CD3D-B6D1-4B3A-A396-77876E447E45}.Debug|Any CPU.ActiveCfg = Debug|Any CPU
		{EF75CD3D-B6D1-4B3A-A396-77876E447E45}.Debug|Any CPU.Build.0 = Debug|Any CPU
		{EF75CD3D-B6D1-4B3A-A396-77876E447E45}.Release|Any CPU.ActiveCfg = Release|Any CPU
		{EF75CD3D-B6D1-4B3A-A396-77876E447E45}.Release|Any CPU.Build.0 = Release|Any CPU
		{F99D4366-FF03-4A76-8F6F-1EFBEBAF9281}.Debug|Any CPU.ActiveCfg = Debug|Any CPU
		{F99D4366-FF03-4A76-8F6F-1EFBEBAF9281}.Debug|Any CPU.Build.0 = Debug|Any CPU
		{F99D4366-FF03-4A76-8F6F-1EFBEBAF9281}.Release|Any CPU.ActiveCfg = Release|Any CPU
		{F99D4366-FF03-4A76-8F6F-1EFBEBAF9281}.Release|Any CPU.Build.0 = Release|Any CPU
		{661AB6F4-252E-4D0B-B9F2-3A24C6363934}.Debug|Any CPU.ActiveCfg = Debug|Any CPU
		{661AB6F4-252E-4D0B-B9F2-3A24C6363934}.Debug|Any CPU.Build.0 = Debug|Any CPU
		{661AB6F4-252E-4D0B-B9F2-3A24C6363934}.Release|Any CPU.ActiveCfg = Release|Any CPU
		{661AB6F4-252E-4D0B-B9F2-3A24C6363934}.Release|Any CPU.Build.0 = Release|Any CPU
		{63218F22-783F-40D8-BCDE-1B0FBC8F73E3}.Debug|Any CPU.ActiveCfg = Debug|Any CPU
		{63218F22-783F-40D8-BCDE-1B0FBC8F73E3}.Debug|Any CPU.Build.0 = Debug|Any CPU
		{63218F22-783F-40D8-BCDE-1B0FBC8F73E3}.Release|Any CPU.ActiveCfg = Release|Any CPU
		{63218F22-783F-40D8-BCDE-1B0FBC8F73E3}.Release|Any CPU.Build.0 = Release|Any CPU
		{8BC1B73D-2A4A-43F8-BB72-FB7834FB5F15}.Debug|Any CPU.ActiveCfg = Debug|Any CPU
		{8BC1B73D-2A4A-43F8-BB72-FB7834FB5F15}.Debug|Any CPU.Build.0 = Debug|Any CPU
		{8BC1B73D-2A4A-43F8-BB72-FB7834FB5F15}.Release|Any CPU.ActiveCfg = Release|Any CPU
		{8BC1B73D-2A4A-43F8-BB72-FB7834FB5F15}.Release|Any CPU.Build.0 = Release|Any CPU
		{6ED3847F-9A48-486A-97F1-34FD56A0531B}.Debug|Any CPU.ActiveCfg = Debug|Any CPU
		{6ED3847F-9A48-486A-97F1-34FD56A0531B}.Debug|Any CPU.Build.0 = Debug|Any CPU
		{6ED3847F-9A48-486A-97F1-34FD56A0531B}.Release|Any CPU.ActiveCfg = Release|Any CPU
		{6ED3847F-9A48-486A-97F1-34FD56A0531B}.Release|Any CPU.Build.0 = Release|Any CPU
		{34269517-302D-4A55-929D-9A0C6993BBFC}.Debug|Any CPU.ActiveCfg = Debug|Any CPU
		{34269517-302D-4A55-929D-9A0C6993BBFC}.Debug|Any CPU.Build.0 = Debug|Any CPU
		{34269517-302D-4A55-929D-9A0C6993BBFC}.Release|Any CPU.ActiveCfg = Release|Any CPU
		{34269517-302D-4A55-929D-9A0C6993BBFC}.Release|Any CPU.Build.0 = Release|Any CPU
		{346D3F0D-2244-409E-8830-AE8C52C89A3E}.Debug|Any CPU.ActiveCfg = Debug|Any CPU
		{346D3F0D-2244-409E-8830-AE8C52C89A3E}.Debug|Any CPU.Build.0 = Debug|Any CPU
		{346D3F0D-2244-409E-8830-AE8C52C89A3E}.Release|Any CPU.ActiveCfg = Release|Any CPU
		{346D3F0D-2244-409E-8830-AE8C52C89A3E}.Release|Any CPU.Build.0 = Release|Any CPU
		{FA49D209-B100-4BB8-97CB-8149F474F66C}.Debug|Any CPU.ActiveCfg = Debug|Any CPU
		{FA49D209-B100-4BB8-97CB-8149F474F66C}.Debug|Any CPU.Build.0 = Debug|Any CPU
		{FA49D209-B100-4BB8-97CB-8149F474F66C}.Release|Any CPU.ActiveCfg = Release|Any CPU
		{FA49D209-B100-4BB8-97CB-8149F474F66C}.Release|Any CPU.Build.0 = Release|Any CPU
		{9430B8EE-3BB8-4481-8196-6A227C81BDB9}.Debug|Any CPU.ActiveCfg = Debug|Any CPU
		{9430B8EE-3BB8-4481-8196-6A227C81BDB9}.Debug|Any CPU.Build.0 = Debug|Any CPU
		{9430B8EE-3BB8-4481-8196-6A227C81BDB9}.Release|Any CPU.ActiveCfg = Release|Any CPU
		{9430B8EE-3BB8-4481-8196-6A227C81BDB9}.Release|Any CPU.Build.0 = Release|Any CPU
	EndGlobalSection
	GlobalSection(SolutionProperties) = preSolution
		HideSolutionNode = FALSE
	EndGlobalSection
	GlobalSection(NestedProjects) = preSolution
		{8A11E404-2FFC-4BA9-877E-D27401AC9C96} = {89C99B23-6F42-4331-9DB9-BC351DA6D27F}
		{4607DB45-395F-4F34-BBCC-D337972D35A5} = {89C99B23-6F42-4331-9DB9-BC351DA6D27F}
		{9062093F-735E-48E6-AE78-5B7E7234677D} = {89C99B23-6F42-4331-9DB9-BC351DA6D27F}
		{C2BE8320-B966-4F36-BFCB-02DD1B692322} = {89C99B23-6F42-4331-9DB9-BC351DA6D27F}
		{0B5F0D36-5A6C-4559-A553-13F76BCDD040} = {89C99B23-6F42-4331-9DB9-BC351DA6D27F}
		{CDF1D7D9-B500-4053-9634-E806A14D17A3} = {9062093F-735E-48E6-AE78-5B7E7234677D}
		{7802EAED-841E-4943-B2CD-0CCDCEC6E2C7} = {9062093F-735E-48E6-AE78-5B7E7234677D}
		{60144468-105B-40BF-9987-964A9FCE20DF} = {C2BE8320-B966-4F36-BFCB-02DD1B692322}
		{D0129D80-4DED-4386-89C9-F6870055EDA6} = {0B5F0D36-5A6C-4559-A553-13F76BCDD040}
		{114565F7-0B5B-4C42-90A9-4B527F5E0B1B} = {4607DB45-395F-4F34-BBCC-D337972D35A5}
		{D11A54D9-714A-4437-8612-573BC57BE731} = {8A11E404-2FFC-4BA9-877E-D27401AC9C96}
		{188B80EE-C622-4E3D-AD21-E9366CD9C017} = {4607DB45-395F-4F34-BBCC-D337972D35A5}
		{DCB7C7D8-9700-4E12-A42E-A5313312FED0} = {8A11E404-2FFC-4BA9-877E-D27401AC9C96}
		{9F4F42CF-DE0A-4D58-8C50-8AC73482454C} = {C2BE8320-B966-4F36-BFCB-02DD1B692322}
		{00BA6FC3-1E89-408A-869F-FAD490D3688B} = {0B5F0D36-5A6C-4559-A553-13F76BCDD040}
		{23187CEC-BD72-46D9-BF1C-BB6214752122} = {3C204F0B-E1C8-455A-8972-26215B0E0BF4}
		{F97A74AA-7BC7-4807-B243-111AC655DC24} = {3C204F0B-E1C8-455A-8972-26215B0E0BF4}
		{EF75CD3D-B6D1-4B3A-A396-77876E447E45} = {D0129D80-4DED-4386-89C9-F6870055EDA6}
		{F99D4366-FF03-4A76-8F6F-1EFBEBAF9281} = {114565F7-0B5B-4C42-90A9-4B527F5E0B1B}
		{661AB6F4-252E-4D0B-B9F2-3A24C6363934} = {60144468-105B-40BF-9987-964A9FCE20DF}
		{63218F22-783F-40D8-BCDE-1B0FBC8F73E3} = {188B80EE-C622-4E3D-AD21-E9366CD9C017}
		{8BC1B73D-2A4A-43F8-BB72-FB7834FB5F15} = {9F4F42CF-DE0A-4D58-8C50-8AC73482454C}
		{6ED3847F-9A48-486A-97F1-34FD56A0531B} = {00BA6FC3-1E89-408A-869F-FAD490D3688B}
		{34269517-302D-4A55-929D-9A0C6993BBFC} = {D11A54D9-714A-4437-8612-573BC57BE731}
		{346D3F0D-2244-409E-8830-AE8C52C89A3E} = {F97A74AA-7BC7-4807-B243-111AC655DC24}
		{FA49D209-B100-4BB8-97CB-8149F474F66C} = {23187CEC-BD72-46D9-BF1C-BB6214752122}
		{9430B8EE-3BB8-4481-8196-6A227C81BDB9} = {DCB7C7D8-9700-4E12-A42E-A5313312FED0}
	EndGlobalSection
	GlobalSection(ExtensibilityGlobals) = postSolution
		SolutionGuid = {B7F622AD-553C-4A58-BF89-507234F2A427}
	EndGlobalSection
EndGlobal
